{
  "originHash" : "985fd479f6faf7ea84cf4fdab5c6032e656a515a6fd856a66a713c15aaf13580",
  "pins" : [
    {
      "identity" : "keyboardshortcuts",
      "kind" : "remoteSourceControl",
      "location" : "https://github.com/sindresorhus/KeyboardShortcuts.git",
      "state" : {
        "revision" : "1aef85578fdd4f9eaeeb8d53b7b4fc31bf08fe27",
        "version" : "2.4.0"
      }
    },
    {
      "identity" : "swiftwhisper",
      "kind" : "remoteSourceControl",
      "location" : "https://github.com/exPHAT/SwiftWhisper.git",
      "state" : {
        "revision" : "a192004db08de7c6eaa169eede77f1625e7d23fb",
        "version" : "1.2.0"
      }
    }
  ],
  "version" : 3
}
