// !$*UTF8*$!
{
	archiveVersion = 1;
	classes = {
	};
	objectVersion = 77;
	objects = {

/* Begin PBXBuildFile section */
		0E81D9F1C1FAA7F18B65AB4B /* AppState.swift in Sources */ = {isa = PBXBuildFile; fileRef = ACF664C7405AD67C200F5A5F /* AppState.swift */; };
		1452CBC0637B7BBE26382BC8 /* AudioRecorder.swift in Sources */ = {isa = PBXBuildFile; fileRef = E82E64C7AD89772E872E3B60 /* AudioRecorder.swift */; };
		1BFD281161F085B81DD4F9A0 /* RecordingOverlayView.swift in Sources */ = {isa = PBXBuildFile; fileRef = 845EE7DDA6FA86192F5F129E /* RecordingOverlayView.swift */; };
		2CA721A5BEA9CC339CD1174F /* SwiftWhisper in Frameworks */ = {isa = PBXBuildFile; productRef = 68AE9BAD8520FD3E310B9658 /* SwiftWhisper */; };
		342F1E3D8ACBC71D293231AB /* HotkeyManager.swift in Sources */ = {isa = PBXBuildFile; fileRef = 4D9BF636DEC919075A248EBE /* HotkeyManager.swift */; };
		5F0B80CB46B433444DA6E70A /* OverlayPanelController.swift in Sources */ = {isa = PBXBuildFile; fileRef = 0B488A3E29234612F453A02D /* OverlayPanelController.swift */; };
		6CB9F7DF637735BA2D1B85A7 /* TranscriptionService.swift in Sources */ = {isa = PBXBuildFile; fileRef = C2C5A806C7127CB6D76D280E /* TranscriptionService.swift */; };
		9F89BCF369D425F49C0BFCC4 /* PermissionChecker.swift in Sources */ = {isa = PBXBuildFile; fileRef = 35F1A499DAE51CFB071681DD /* PermissionChecker.swift */; };
		AA583E56E4EDD907FD4E08AB /* KeyboardShortcuts in Frameworks */ = {isa = PBXBuildFile; productRef = 54B73E41165104CBEDD44B31 /* KeyboardShortcuts */; };
		B502908752F8ACCD08B02C99 /* WhispahApp.swift in Sources */ = {isa = PBXBuildFile; fileRef = EC99A744F8FD5F1560C9F15B /* WhispahApp.swift */; };
		BA7D18B6C3712B60E2963377 /* AppDelegate.swift in Sources */ = {isa = PBXBuildFile; fileRef = 0F3AF7BEB2FE005173ADE5C9 /* AppDelegate.swift */; };
		C4C703D1BD51E033DA204F6F /* ModelManager.swift in Sources */ = {isa = PBXBuildFile; fileRef = 85B45A28657B8ADEAD393672 /* ModelManager.swift */; };
		EF886276145855DB9ECFEBBE /* TextPaster.swift in Sources */ = {isa = PBXBuildFile; fileRef = 639B692710C37D5C3635F802 /* TextPaster.swift */; };
/* End PBXBuildFile section */

/* Begin PBXFileReference section */
		0B488A3E29234612F453A02D /* OverlayPanelController.swift */ = {isa = PBXFileReference; lastKnownFileType = sourcecode.swift; path = OverlayPanelController.swift; sourceTree = "<group>"; };
		0F3AF7BEB2FE005173ADE5C9 /* AppDelegate.swift */ = {isa = PBXFileReference; lastKnownFileType = sourcecode.swift; path = AppDelegate.swift; sourceTree = "<group>"; };
		2209798A0EA3E91F7490F060 /* Whispah.entitlements */ = {isa = PBXFileReference; lastKnownFileType = text.plist.entitlements; path = Whispah.entitlements; sourceTree = "<group>"; };
		35F1A499DAE51CFB071681DD /* PermissionChecker.swift */ = {isa = PBXFileReference; lastKnownFileType = sourcecode.swift; path = PermissionChecker.swift; sourceTree = "<group>"; };
		4D9BF636DEC919075A248EBE /* HotkeyManager.swift */ = {isa = PBXFileReference; lastKnownFileType = sourcecode.swift; path = HotkeyManager.swift; sourceTree = "<group>"; };
		639B692710C37D5C3635F802 /* TextPaster.swift */ = {isa = PBXFileReference; lastKnownFileType = sourcecode.swift; path = TextPaster.swift; sourceTree = "<group>"; };
		845EE7DDA6FA86192F5F129E /* RecordingOverlayView.swift */ = {isa = PBXFileReference; lastKnownFileType = sourcecode.swift; path = RecordingOverlayView.swift; sourceTree = "<group>"; };
		85B45A28657B8ADEAD393672 /* ModelManager.swift */ = {isa = PBXFileReference; lastKnownFileType = sourcecode.swift; path = ModelManager.swift; sourceTree = "<group>"; };
		9362BB699483FC0801799144 /* Whispah.app */ = {isa = PBXFileReference; explicitFileType = wrapper.application; includeInIndex = 0; path = Whispah.app; sourceTree = BUILT_PRODUCTS_DIR; };
		ACF664C7405AD67C200F5A5F /* AppState.swift */ = {isa = PBXFileReference; lastKnownFileType = sourcecode.swift; path = AppState.swift; sourceTree = "<group>"; };
		C2C5A806C7127CB6D76D280E /* TranscriptionService.swift */ = {isa = PBXFileReference; lastKnownFileType = sourcecode.swift; path = TranscriptionService.swift; sourceTree = "<group>"; };
		DC08F53996E4500069197330 /* Info.plist */ = {isa = PBXFileReference; lastKnownFileType = text.plist; path = Info.plist; sourceTree = "<group>"; };
		E82E64C7AD89772E872E3B60 /* AudioRecorder.swift */ = {isa = PBXFileReference; lastKnownFileType = sourcecode.swift; path = AudioRecorder.swift; sourceTree = "<group>"; };
		EC99A744F8FD5F1560C9F15B /* WhispahApp.swift */ = {isa = PBXFileReference; lastKnownFileType = sourcecode.swift; path = WhispahApp.swift; sourceTree = "<group>"; };
/* End PBXFileReference section */

/* Begin PBXFrameworksBuildPhase section */
		64207B341A170B760C7DF89D /* Frameworks */ = {
			isa = PBXFrameworksBuildPhase;
			buildActionMask = 2147483647;
			files = (
				2CA721A5BEA9CC339CD1174F /* SwiftWhisper in Frameworks */,
				AA583E56E4EDD907FD4E08AB /* KeyboardShortcuts in Frameworks */,
			);
			runOnlyForDeploymentPostprocessing = 0;
		};
/* End PBXFrameworksBuildPhase section */

/* Begin PBXGroup section */
		AFB61356926A55613F9DC586 = {
			isa = PBXGroup;
			children = (
				E4149AC1636C2980025C8D84 /* Whispah */,
				BA89555E8CA87C2913719901 /* Products */,
			);
			sourceTree = "<group>";
		};
		BA89555E8CA87C2913719901 /* Products */ = {
			isa = PBXGroup;
			children = (
				9362BB699483FC0801799144 /* Whispah.app */,
			);
			name = Products;
			sourceTree = "<group>";
		};
		C859F1751B5DAB7EF624E6D0 /* Views */ = {
			isa = PBXGroup;
			children = (
				0B488A3E29234612F453A02D /* OverlayPanelController.swift */,
				845EE7DDA6FA86192F5F129E /* RecordingOverlayView.swift */,
			);
			path = Views;
			sourceTree = "<group>";
		};
		E4149AC1636C2980025C8D84 /* Whispah */ = {
			isa = PBXGroup;
			children = (
				0F3AF7BEB2FE005173ADE5C9 /* AppDelegate.swift */,
				ACF664C7405AD67C200F5A5F /* AppState.swift */,
				E82E64C7AD89772E872E3B60 /* AudioRecorder.swift */,
				4D9BF636DEC919075A248EBE /* HotkeyManager.swift */,
				DC08F53996E4500069197330 /* Info.plist */,
				85B45A28657B8ADEAD393672 /* ModelManager.swift */,
				35F1A499DAE51CFB071681DD /* PermissionChecker.swift */,
				639B692710C37D5C3635F802 /* TextPaster.swift */,
				C2C5A806C7127CB6D76D280E /* TranscriptionService.swift */,
				2209798A0EA3E91F7490F060 /* Whispah.entitlements */,
				EC99A744F8FD5F1560C9F15B /* WhispahApp.swift */,
				C859F1751B5DAB7EF624E6D0 /* Views */,
			);
			path = Whispah;
			sourceTree = "<group>";
		};
/* End PBXGroup section */

/* Begin PBXNativeTarget section */
		8B333A79391F85D6ED2BD12C /* Whispah */ = {
			isa = PBXNativeTarget;
			buildConfigurationList = AE1C04F78DCB32E5920445C1 /* Build configuration list for PBXNativeTarget "Whispah" */;
			buildPhases = (
				6474726E43E15A7DECF2B9DF /* Sources */,
				64207B341A170B760C7DF89D /* Frameworks */,
			);
			buildRules = (
			);
			dependencies = (
			);
			name = Whispah;
			packageProductDependencies = (
				68AE9BAD8520FD3E310B9658 /* SwiftWhisper */,
				54B73E41165104CBEDD44B31 /* KeyboardShortcuts */,
			);
			productName = Whispah;
			productReference = 9362BB699483FC0801799144 /* Whispah.app */;
			productType = "com.apple.product-type.application";
		};
/* End PBXNativeTarget section */

/* Begin PBXProject section */
		F9D3AA25CBAF74B8D0D4CBB3 /* Project object */ = {
			isa = PBXProject;
			attributes = {
				BuildIndependentTargetsInParallel = YES;
				LastUpgradeCheck = 1600;
			};
			buildConfigurationList = 95F713850CFCF0B6D0CC9B06 /* Build configuration list for PBXProject "Whispah" */;
			compatibilityVersion = "Xcode 14.0";
			developmentRegion = en;
			hasScannedForEncodings = 0;
			knownRegions = (
				Base,
				en,
			);
			mainGroup = AFB61356926A55613F9DC586;
			minimizedProjectReferenceProxies = 1;
			packageReferences = (
				27DB706E94F499C1846CA1B2 /* XCRemoteSwiftPackageReference "KeyboardShortcuts" */,
				1B8CF4714F412341A5A5F2A3 /* XCRemoteSwiftPackageReference "SwiftWhisper" */,
			);
			preferredProjectObjectVersion = 77;
			projectDirPath = "";
			projectRoot = "";
			targets = (
				8B333A79391F85D6ED2BD12C /* Whispah */,
			);
		};
/* End PBXProject section */

/* Begin PBXSourcesBuildPhase section */
		6474726E43E15A7DECF2B9DF /* Sources */ = {
			isa = PBXSourcesBuildPhase;
			buildActionMask = 2147483647;
			files = (
				BA7D18B6C3712B60E2963377 /* AppDelegate.swift in Sources */,
				0E81D9F1C1FAA7F18B65AB4B /* AppState.swift in Sources */,
				1452CBC0637B7BBE26382BC8 /* AudioRecorder.swift in Sources */,
				342F1E3D8ACBC71D293231AB /* HotkeyManager.swift in Sources */,
				C4C703D1BD51E033DA204F6F /* ModelManager.swift in Sources */,
				5F0B80CB46B433444DA6E70A /* OverlayPanelController.swift in Sources */,
				9F89BCF369D425F49C0BFCC4 /* PermissionChecker.swift in Sources */,
				1BFD281161F085B81DD4F9A0 /* RecordingOverlayView.swift in Sources */,
				EF886276145855DB9ECFEBBE /* TextPaster.swift in Sources */,
				6CB9F7DF637735BA2D1B85A7 /* TranscriptionService.swift in Sources */,
				B502908752F8ACCD08B02C99 /* WhispahApp.swift in Sources */,
			);
			runOnlyForDeploymentPostprocessing = 0;
		};
/* End PBXSourcesBuildPhase section */

/* Begin XCBuildConfiguration section */
		306E7348D208356943C45B4E /* Release */ = {
			isa = XCBuildConfiguration;
			buildSettings = {
				ALWAYS_SEARCH_USER_PATHS = NO;
				CLANG_ANALYZER_NONNULL = YES;
				CLANG_ANALYZER_NUMBER_OBJECT_CONVERSION = YES_AGGRESSIVE;
				CLANG_CXX_LANGUAGE_STANDARD = "gnu++14";
				CLANG_CXX_LIBRARY = "libc++";
				CLANG_ENABLE_MODULES = YES;
				CLANG_ENABLE_OBJC_ARC = YES;
				CLANG_ENABLE_OBJC_WEAK = YES;
				CLANG_WARN_BLOCK_CAPTURE_AUTORELEASING = YES;
				CLANG_WARN_BOOL_CONVERSION = YES;
				CLANG_WARN_COMMA = YES;
				CLANG_WARN_CONSTANT_CONVERSION = YES;
				CLANG_WARN_DEPRECATED_OBJC_IMPLEMENTATIONS = YES;
				CLANG_WARN_DIRECT_OBJC_ISA_USAGE = YES_ERROR;
				CLANG_WARN_DOCUMENTATION_COMMENTS = YES;
				CLANG_WARN_EMPTY_BODY = YES;
				CLANG_WARN_ENUM_CONVERSION = YES;
				CLANG_WARN_INFINITE_RECURSION = YES;
				CLANG_WARN_INT_CONVERSION = YES;
				CLANG_WARN_NON_LITERAL_NULL_CONVERSION = YES;
				CLANG_WARN_OBJC_IMPLICIT_RETAIN_SELF = YES;
				CLANG_WARN_OBJC_LITERAL_CONVERSION = YES;
				CLANG_WARN_OBJC_ROOT_CLASS = YES_ERROR;
				CLANG_WARN_QUOTED_INCLUDE_IN_FRAMEWORK_HEADER = YES;
				CLANG_WARN_RANGE_LOOP_ANALYSIS = YES;
				CLANG_WARN_STRICT_PROTOTYPES = YES;
				CLANG_WARN_SUSPICIOUS_MOVE = YES;
				CLANG_WARN_UNGUARDED_AVAILABILITY = YES_AGGRESSIVE;
				CLANG_WARN_UNREACHABLE_CODE = YES;
				CLANG_WARN__DUPLICATE_METHOD_MATCH = YES;
				COPY_PHASE_STRIP = NO;
				DEBUG_INFORMATION_FORMAT = "dwarf-with-dsym";
				ENABLE_NS_ASSERTIONS = NO;
				ENABLE_STRICT_OBJC_MSGSEND = YES;
				GCC_C_LANGUAGE_STANDARD = gnu11;
				GCC_NO_COMMON_BLOCKS = YES;
				GCC_WARN_64_TO_32_BIT_CONVERSION = YES;
				GCC_WARN_ABOUT_RETURN_TYPE = YES_ERROR;
				GCC_WARN_UNDECLARED_SELECTOR = YES;
				GCC_WARN_UNINITIALIZED_AUTOS = YES_AGGRESSIVE;
				GCC_WARN_UNUSED_FUNCTION = YES;
				GCC_WARN_UNUSED_VARIABLE = YES;
				MACOSX_DEPLOYMENT_TARGET = 14.0;
				MTL_ENABLE_DEBUG_INFO = NO;
				MTL_FAST_MATH = YES;
				PRODUCT_NAME = "$(TARGET_NAME)";
				SDKROOT = macosx;
				SWIFT_COMPILATION_MODE = wholemodule;
				SWIFT_OPTIMIZATION_LEVEL = "-O";
				SWIFT_VERSION = 5.0;
			};
			name = Release;
		};
		382C155283CAC63765FF3AD6 /* Debug */ = {
			isa = XCBuildConfiguration;
			buildSettings = {
				ALWAYS_SEARCH_USER_PATHS = NO;
				CLANG_ANALYZER_NONNULL = YES;
				CLANG_ANALYZER_NUMBER_OBJECT_CONVERSION = YES_AGGRESSIVE;
				CLANG_CXX_LANGUAGE_STANDARD = "gnu++14";
				CLANG_CXX_LIBRARY = "libc++";
				CLANG_ENABLE_MODULES = YES;
				CLANG_ENABLE_OBJC_ARC = YES;
				CLANG_ENABLE_OBJC_WEAK = YES;
				CLANG_WARN_BLOCK_CAPTURE_AUTORELEASING = YES;
				CLANG_WARN_BOOL_CONVERSION = YES;
				CLANG_WARN_COMMA = YES;
				CLANG_WARN_CONSTANT_CONVERSION = YES;
				CLANG_WARN_DEPRECATED_OBJC_IMPLEMENTATIONS = YES;
				CLANG_WARN_DIRECT_OBJC_ISA_USAGE = YES_ERROR;
				CLANG_WARN_DOCUMENTATION_COMMENTS = YES;
				CLANG_WARN_EMPTY_BODY = YES;
				CLANG_WARN_ENUM_CONVERSION = YES;
				CLANG_WARN_INFINITE_RECURSION = YES;
				CLANG_WARN_INT_CONVERSION = YES;
				CLANG_WARN_NON_LITERAL_NULL_CONVERSION = YES;
				CLANG_WARN_OBJC_IMPLICIT_RETAIN_SELF = YES;
				CLANG_WARN_OBJC_LITERAL_CONVERSION = YES;
				CLANG_WARN_OBJC_ROOT_CLASS = YES_ERROR;
				CLANG_WARN_QUOTED_INCLUDE_IN_FRAMEWORK_HEADER = YES;
				CLANG_WARN_RANGE_LOOP_ANALYSIS = YES;
				CLANG_WARN_STRICT_PROTOTYPES = YES;
				CLANG_WARN_SUSPICIOUS_MOVE = YES;
				CLANG_WARN_UNGUARDED_AVAILABILITY = YES_AGGRESSIVE;
				CLANG_WARN_UNREACHABLE_CODE = YES;
				CLANG_WARN__DUPLICATE_METHOD_MATCH = YES;
				COPY_PHASE_STRIP = NO;
				DEBUG_INFORMATION_FORMAT = dwarf;
				ENABLE_STRICT_OBJC_MSGSEND = YES;
				ENABLE_TESTABILITY = YES;
				GCC_C_LANGUAGE_STANDARD = gnu11;
				GCC_DYNAMIC_NO_PIC = NO;
				GCC_NO_COMMON_BLOCKS = YES;
				GCC_OPTIMIZATION_LEVEL = 0;
				GCC_PREPROCESSOR_DEFINITIONS = (
					"$(inherited)",
					"DEBUG=1",
				);
				GCC_WARN_64_TO_32_BIT_CONVERSION = YES;
				GCC_WARN_ABOUT_RETURN_TYPE = YES_ERROR;
				GCC_WARN_UNDECLARED_SELECTOR = YES;
				GCC_WARN_UNINITIALIZED_AUTOS = YES_AGGRESSIVE;
				GCC_WARN_UNUSED_FUNCTION = YES;
				GCC_WARN_UNUSED_VARIABLE = YES;
				MACOSX_DEPLOYMENT_TARGET = 14.0;
				MTL_ENABLE_DEBUG_INFO = INCLUDE_SOURCE;
				MTL_FAST_MATH = YES;
				ONLY_ACTIVE_ARCH = YES;
				PRODUCT_NAME = "$(TARGET_NAME)";
				SDKROOT = macosx;
				SWIFT_ACTIVE_COMPILATION_CONDITIONS = DEBUG;
				SWIFT_OPTIMIZATION_LEVEL = "-Onone";
				SWIFT_VERSION = 5.0;
			};
			name = Debug;
		};
		3AF6FB16D3E381E80631E63D /* Debug */ = {
			isa = XCBuildConfiguration;
			buildSettings = {
				ASSETCATALOG_COMPILER_APPICON_NAME = AppIcon;
				CODE_SIGN_ENTITLEMENTS = Whispah/Whispah.entitlements;
				COMBINE_HIDPI_IMAGES = YES;
				CURRENT_PROJECT_VERSION = 1;
				ENABLE_APP_SANDBOX = NO;
				GENERATE_INFOPLIST_FILE = YES;
				INFOPLIST_FILE = Whispah/Info.plist;
				LD_RUNPATH_SEARCH_PATHS = (
					"$(inherited)",
					"@executable_path/../Frameworks",
				);
				MARKETING_VERSION = 1.0.0;
				PRODUCT_BUNDLE_IDENTIFIER = com.whispah.Whispah;
				SDKROOT = macosx;
				SWIFT_VERSION = 5.9;
			};
			name = Debug;
		};
		FC0D83DF523FA4FB86DE4B84 /* Release */ = {
			isa = XCBuildConfiguration;
			buildSettings = {
				ASSETCATALOG_COMPILER_APPICON_NAME = AppIcon;
				CODE_SIGN_ENTITLEMENTS = Whispah/Whispah.entitlements;
				COMBINE_HIDPI_IMAGES = YES;
				CURRENT_PROJECT_VERSION = 1;
				ENABLE_APP_SANDBOX = NO;
				GENERATE_INFOPLIST_FILE = YES;
				INFOPLIST_FILE = Whispah/Info.plist;
				LD_RUNPATH_SEARCH_PATHS = (
					"$(inherited)",
					"@executable_path/../Frameworks",
				);
				MARKETING_VERSION = 1.0.0;
				PRODUCT_BUNDLE_IDENTIFIER = com.whispah.Whispah;
				SDKROOT = macosx;
				SWIFT_VERSION = 5.9;
			};
			name = Release;
		};
/* End XCBuildConfiguration section */

/* Begin XCConfigurationList section */
		95F713850CFCF0B6D0CC9B06 /* Build configuration list for PBXProject "Whispah" */ = {
			isa = XCConfigurationList;
			buildConfigurations = (
				382C155283CAC63765FF3AD6 /* Debug */,
				306E7348D208356943C45B4E /* Release */,
			);
			defaultConfigurationIsVisible = 0;
			defaultConfigurationName = Debug;
		};
		AE1C04F78DCB32E5920445C1 /* Build configuration list for PBXNativeTarget "Whispah" */ = {
			isa = XCConfigurationList;
			buildConfigurations = (
				3AF6FB16D3E381E80631E63D /* Debug */,
				FC0D83DF523FA4FB86DE4B84 /* Release */,
			);
			defaultConfigurationIsVisible = 0;
			defaultConfigurationName = Debug;
		};
/* End XCConfigurationList section */

/* Begin XCRemoteSwiftPackageReference section */
		1B8CF4714F412341A5A5F2A3 /* XCRemoteSwiftPackageReference "SwiftWhisper" */ = {
			isa = XCRemoteSwiftPackageReference;
			repositoryURL = "https://github.com/exPHAT/SwiftWhisper.git";
			requirement = {
				kind = upToNextMajorVersion;
				minimumVersion = 1.1.0;
			};
		};
		27DB706E94F499C1846CA1B2 /* XCRemoteSwiftPackageReference "KeyboardShortcuts" */ = {
			isa = XCRemoteSwiftPackageReference;
			repositoryURL = "https://github.com/sindresorhus/KeyboardShortcuts.git";
			requirement = {
				kind = upToNextMajorVersion;
				minimumVersion = 2.0.0;
			};
		};
/* End XCRemoteSwiftPackageReference section */

/* Begin XCSwiftPackageProductDependency section */
		54B73E41165104CBEDD44B31 /* KeyboardShortcuts */ = {
			isa = XCSwiftPackageProductDependency;
			package = 27DB706E94F499C1846CA1B2 /* XCRemoteSwiftPackageReference "KeyboardShortcuts" */;
			productName = KeyboardShortcuts;
		};
		68AE9BAD8520FD3E310B9658 /* SwiftWhisper */ = {
			isa = XCSwiftPackageProductDependency;
			package = 1B8CF4714F412341A5A5F2A3 /* XCRemoteSwiftPackageReference "SwiftWhisper" */;
			productName = SwiftWhisper;
		};
/* End XCSwiftPackageProductDependency section */
	};
	rootObject = F9D3AA25CBAF74B8D0D4CBB3 /* Project object */;
}
